lockfileVersion: '9.0'

settings:
  autoInstallPeers: true
  excludeLinksFromLockfile: false

importers:

  .:
    dependencies:
      commander:
        specifier: ^13.1.0
        version: 13.1.0
    devDependencies:
      oxlint:
        specifier: ^0.16.9
        version: 0.16.9

packages:

  '@oxlint/darwin-arm64@0.16.9':
    resolution: {integrity: sha512-s8gPacumFNuDQcl0dCRLI0+efbiQrOF984brGrW1i2buJtaMzjYiunaU5TSrbHgnb/omvpFnG4l9g+YHOK/s0A==}
    cpu: [arm64]
    os: [darwin]

  '@oxlint/darwin-x64@0.16.9':
    resolution: {integrity: sha512-QFue9yhfRU+fkbsOmDzCCwDafPR6fnaP/M+Rocp/MMDQ7qvjbB2sj0/xxp/CcvL7aLtFklMeXPR0hCfW3LyrSw==}
    cpu: [x64]
    os: [darwin]

  '@oxlint/linux-arm64-gnu@0.16.9':
    resolution: {integrity: sha512-qP/wdlgqLuiW9WDkAsyMN85wQ3nqAQynjRD+1II1QO0yI9N1ZHD6LF9P5fXAqY0eJwcf3emluQMoaeveewtiCg==}
    cpu: [arm64]
    os: [linux]

  '@oxlint/linux-arm64-musl@0.16.9':
    resolution: {integrity: sha512-486wn1MIqP4hkHTnuWedTb16X6Zs3ImmmMxqzfYlcemf9kODM6yNlxal6wGvkm7SGRPYrsB/P9S5wgpzmLzKrw==}
    cpu: [arm64]
    os: [linux]

  '@oxlint/linux-x64-gnu@0.16.9':
    resolution: {integrity: sha512-d20zqy4Mimz9CxjIEJdGd6jtyyhpSryff95gNJSTvh/EA4NqvjjlbjxuHt3clNjglRwJWE3kgmUCw9U9oWFcWA==}
    cpu: [x64]
    os: [linux]

  '@oxlint/linux-x64-musl@0.16.9':
    resolution: {integrity: sha512-mZLshz99773RMa77YhtsgWbqE7JY4xnYSDecDy+ZkafRb0acqz1Ujiq2l4cE+HnJOGVOMaOpzG0UoQ3ZNkXNAA==}
    cpu: [x64]
    os: [linux]

  '@oxlint/win32-arm64@0.16.9':
    resolution: {integrity: sha512-Zp9+0CfTb7ebgvRwDO2F6NVgRtRmxWMdBnrbMRdVbKY6CCT2vjLAIILwBf5AsNLdLQC7FbXAEivSKbRX0UPyJA==}
    cpu: [arm64]
    os: [win32]

  '@oxlint/win32-x64@0.16.9':
    resolution: {integrity: sha512-6a507bALmDNFdvEbJzu9ybajryBHo+6nMWPNyu/mBguCqmconoBbQXftELd2VG/0ecxBmBcMKAQW6aONGUVc3w==}
    cpu: [x64]
    os: [win32]

  commander@13.1.0:
    resolution: {integrity: sha512-/rFeCpNJQbhSZjGVwO9RFV3xPqbnERS8MmIQzCtD/zl6gpJuV/bMLuN92oG3F7d8oDEHHRrujSXNUr8fpjntKw==}
    engines: {node: '>=18'}

  oxlint@0.16.9:
    resolution: {integrity: sha512-YMGu177AURJxdCq45/Yw6Q+uDh9ZfU++GuLYhUz+DfIGdHpAqVlBI9lCqm2HkLc6qO8ySYZ+8ljsWHLQA8F+EQ==}
    engines: {node: '>=8.*'}
    hasBin: true

snapshots:

  '@oxlint/darwin-arm64@0.16.9':
    optional: true

  '@oxlint/darwin-x64@0.16.9':
    optional: true

  '@oxlint/linux-arm64-gnu@0.16.9':
    optional: true

  '@oxlint/linux-arm64-musl@0.16.9':
    optional: true

  '@oxlint/linux-x64-gnu@0.16.9':
    optional: true

  '@oxlint/linux-x64-musl@0.16.9':
    optional: true

  '@oxlint/win32-arm64@0.16.9':
    optional: true

  '@oxlint/win32-x64@0.16.9':
    optional: true

  commander@13.1.0: {}

  oxlint@0.16.9:
    optionalDependencies:
      '@oxlint/darwin-arm64': 0.16.9
      '@oxlint/darwin-x64': 0.16.9
      '@oxlint/linux-arm64-gnu': 0.16.9
      '@oxlint/linux-arm64-musl': 0.16.9
      '@oxlint/linux-x64-gnu': 0.16.9
      '@oxlint/linux-x64-musl': 0.16.9
      '@oxlint/win32-arm64': 0.16.9
      '@oxlint/win32-x64': 0.16.9
